
Microsoft Visual Studio Solution File, Format Version 12.00
# Visual Studio Version 17
VisualStudioVersion = 17.2.32616.157
MinimumVisualStudioVersion = 10.0.40219.1
Project("{FAE04EC0-301F-11D3-BF4B-00C04F79EFBC}") = "ConsoleApp6", "ConsoleApp6\ConsoleApp6.csproj", "{23AE349C-9DA9-49FC-8FB5-231833133E99}"
EndProject
Global
	GlobalSection(SolutionConfigurationPlatforms) = preSolution
		Debug|Any CPU = Debug|Any CPU
		Release|Any CPU = Release|Any CPU
	EndGlobalSection
	GlobalSection(ProjectConfigurationPlatforms) = postSolution
		{23AE349C-9DA9-49FC-8FB5-231833133E99}.Debug|Any CPU.ActiveCfg = Debug|Any CPU
		{23AE349C-9DA9-49FC-8FB5-231833133E99}.Debug|Any CPU.Build.0 = Debug|Any CPU
		{23AE349C-9DA9-49FC-8FB5-231833133E99}.Release|Any CPU.ActiveCfg = Release|Any CPU
		{23AE349C-9DA9-49FC-8FB5-231833133E99}.Release|Any CPU.Build.0 = Release|Any CPU
	EndGlobalSection
	GlobalSection(SolutionProperties) = preSolution
		HideSolutionNode = FALSE
	EndGlobalSection
	GlobalSection(ExtensibilityGlobals) = postSolution
		SolutionGuid = {B276A201-9847-4962-85A5-E11F3460B07A}
	EndGlobalSection
EndGlobal
